{
  "name": "lizard-kpi-client",
  "version": "0.0.1",
  "dependencies": {
    "brfs": {
      "version": "1.4.3",
      "from": "brfs@latest",
      "resolved": "https://registry.npmjs.org/brfs/-/brfs-1.4.3.tgz",
      "dependencies": {
        "quote-stream": {
          "version": "1.0.2",
          "from": "quote-stream@>=1.0.1 <2.0.0",
          "resolved": "https://registry.npmjs.org/quote-stream/-/quote-stream-1.0.2.tgz",
          "dependencies": {
            "buffer-equal": {
              "version": "0.0.1",
              "from": "buffer-equal@0.0.1",
              "resolved": "https://registry.npmjs.org/buffer-equal/-/buffer-equal-0.0.1.tgz"
            },
            "minimist": {
              "version": "1.2.0",
              "from": "minimist@>=1.1.3 <2.0.0",
              "resolved": "https://registry.npmjs.org/minimist/-/minimist-1.2.0.tgz"
            }
          }
        },
        "resolve": {
          "version": "1.1.7",
          "from": "resolve@>=1.1.5 <2.0.0",
          "resolved": "https://registry.npmjs.org/resolve/-/resolve-1.1.7.tgz"
        },
        "static-module": {
          "version": "1.3.1",
          "from": "static-module@>=1.1.0 <2.0.0",
          "resolved": "https://registry.npmjs.org/static-module/-/static-module-1.3.1.tgz",
          "dependencies": {
            "concat-stream": {
              "version": "1.4.10",
              "from": "concat-stream@>=1.4.5 <1.5.0",
              "resolved": "https://registry.npmjs.org/concat-stream/-/concat-stream-1.4.10.tgz",
              "dependencies": {
                "inherits": {
                  "version": "2.0.3",
                  "from": "inherits@>=2.0.1 <2.1.0",
                  "resolved": "https://registry.npmjs.org/inherits/-/inherits-2.0.3.tgz"
                },
                "typedarray": {
                  "version": "0.0.6",
                  "from": "typedarray@>=0.0.5 <0.1.0",
                  "resolved": "https://registry.npmjs.org/typedarray/-/typedarray-0.0.6.tgz"
                },
                "readable-stream": {
                  "version": "1.1.14",
                  "from": "readable-stream@>=1.1.9 <1.2.0",
                  "resolved": "https://registry.npmjs.org/readable-stream/-/readable-stream-1.1.14.tgz",
                  "dependencies": {
                    "core-util-is": {
                      "version": "1.0.2",
                      "from": "core-util-is@>=1.0.0 <1.1.0",
                      "resolved": "https://registry.npmjs.org/core-util-is/-/core-util-is-1.0.2.tgz"
                    },
                    "isarray": {
                      "version": "0.0.1",
                      "from": "isarray@0.0.1",
                      "resolved": "https://registry.npmjs.org/isarray/-/isarray-0.0.1.tgz"
                    },
                    "string_decoder": {
                      "version": "0.10.31",
                      "from": "string_decoder@>=0.10.0 <0.11.0",
                      "resolved": "https://registry.npmjs.org/string_decoder/-/string_decoder-0.10.31.tgz"
                    }
                  }
                }
              }
            },
            "duplexer2": {
              "version": "0.0.2",
              "from": "duplexer2@>=0.0.2 <0.1.0",
              "resolved": "https://registry.npmjs.org/duplexer2/-/duplexer2-0.0.2.tgz",
              "dependencies": {
                "readable-stream": {
                  "version": "1.1.14",
                  "from": "readable-stream@>=1.1.9 <1.2.0",
                  "resolved": "https://registry.npmjs.org/readable-stream/-/readable-stream-1.1.14.tgz",
                  "dependencies": {
                    "core-util-is": {
                      "version": "1.0.2",
                      "from": "core-util-is@>=1.0.0 <1.1.0",
                      "resolved": "https://registry.npmjs.org/core-util-is/-/core-util-is-1.0.2.tgz"
                    },
                    "isarray": {
                      "version": "0.0.1",
                      "from": "isarray@0.0.1",
                      "resolved": "https://registry.npmjs.org/isarray/-/isarray-0.0.1.tgz"
                    },
                    "string_decoder": {
                      "version": "0.10.31",
                      "from": "string_decoder@>=0.10.0 <0.11.0",
                      "resolved": "https://registry.npmjs.org/string_decoder/-/string_decoder-0.10.31.tgz"
                    },
                    "inherits": {
                      "version": "2.0.3",
                      "from": "inherits@>=2.0.1 <2.1.0",
                      "resolved": "https://registry.npmjs.org/inherits/-/inherits-2.0.3.tgz"
                    }
                  }
                }
              }
            },
            "escodegen": {
              "version": "1.3.3",
              "from": "escodegen@>=1.3.2 <1.4.0",
              "resolved": "https://registry.npmjs.org/escodegen/-/escodegen-1.3.3.tgz",
              "dependencies": {
                "esutils": {
                  "version": "1.0.0",
                  "from": "esutils@>=1.0.0 <1.1.0",
                  "resolved": "https://registry.npmjs.org/esutils/-/esutils-1.0.0.tgz"
                },
                "estraverse": {
                  "version": "1.5.1",
                  "from": "estraverse@>=1.5.0 <1.6.0",
                  "resolved": "https://registry.npmjs.org/estraverse/-/estraverse-1.5.1.tgz"
                },
                "esprima": {
                  "version": "1.1.1",
                  "from": "esprima@>=1.1.1 <1.2.0",
                  "resolved": "https://registry.npmjs.org/esprima/-/esprima-1.1.1.tgz"
                },
                "source-map": {
                  "version": "0.1.43",
                  "from": "source-map@>=0.1.33 <0.2.0",
                  "resolved": "https://registry.npmjs.org/source-map/-/source-map-0.1.43.tgz",
                  "dependencies": {
                    "amdefine": {
                      "version": "1.0.0",
                      "from": "amdefine@>=0.0.4",
                      "resolved": "https://registry.npmjs.org/amdefine/-/amdefine-1.0.0.tgz"
                    }
                  }
                }
              }
            },
            "falafel": {
              "version": "1.2.0",
              "from": "falafel@>=1.0.0 <2.0.0",
              "resolved": "https://registry.npmjs.org/falafel/-/falafel-1.2.0.tgz",
              "dependencies": {
                "acorn": {
                  "version": "1.2.2",
                  "from": "acorn@>=1.0.3 <2.0.0",
                  "resolved": "https://registry.npmjs.org/acorn/-/acorn-1.2.2.tgz"
                },
                "foreach": {
                  "version": "2.0.5",
                  "from": "foreach@>=2.0.5 <3.0.0",
                  "resolved": "https://registry.npmjs.org/foreach/-/foreach-2.0.5.tgz"
                },
                "isarray": {
                  "version": "0.0.1",
                  "from": "isarray@0.0.1",
                  "resolved": "https://registry.npmjs.org/isarray/-/isarray-0.0.1.tgz"
                },
                "object-keys": {
                  "version": "1.0.11",
                  "from": "object-keys@>=1.0.6 <2.0.0",
                  "resolved": "https://registry.npmjs.org/object-keys/-/object-keys-1.0.11.tgz"
                }
              }
            },
            "has": {
              "version": "1.0.1",
              "from": "has@>=1.0.0 <2.0.0",
              "resolved": "https://registry.npmjs.org/has/-/has-1.0.1.tgz",
              "dependencies": {
                "function-bind": {
                  "version": "1.1.0",
                  "from": "function-bind@>=1.0.2 <2.0.0",
                  "resolved": "https://registry.npmjs.org/function-bind/-/function-bind-1.1.0.tgz"
                }
              }
            },
            "object-inspect": {
              "version": "0.4.0",
              "from": "object-inspect@>=0.4.0 <0.5.0",
              "resolved": "https://registry.npmjs.org/object-inspect/-/object-inspect-0.4.0.tgz"
            },
            "quote-stream": {
              "version": "0.0.0",
              "from": "quote-stream@>=0.0.0 <0.1.0",
              "resolved": "https://registry.npmjs.org/quote-stream/-/quote-stream-0.0.0.tgz",
              "dependencies": {
                "minimist": {
                  "version": "0.0.8",
                  "from": "minimist@0.0.8",
                  "resolved": "https://registry.npmjs.org/minimist/-/minimist-0.0.8.tgz"
                }
              }
            },
            "readable-stream": {
              "version": "1.0.34",
              "from": "readable-stream@>=1.0.27-1 <1.1.0",
              "resolved": "https://registry.npmjs.org/readable-stream/-/readable-stream-1.0.34.tgz",
              "dependencies": {
                "core-util-is": {
                  "version": "1.0.2",
                  "from": "core-util-is@>=1.0.0 <1.1.0",
                  "resolved": "https://registry.npmjs.org/core-util-is/-/core-util-is-1.0.2.tgz"
                },
                "isarray": {
                  "version": "0.0.1",
                  "from": "isarray@0.0.1",
                  "resolved": "https://registry.npmjs.org/isarray/-/isarray-0.0.1.tgz"
                },
                "string_decoder": {
                  "version": "0.10.31",
                  "from": "string_decoder@>=0.10.0 <0.11.0",
                  "resolved": "https://registry.npmjs.org/string_decoder/-/string_decoder-0.10.31.tgz"
                },
                "inherits": {
                  "version": "2.0.3",
                  "from": "inherits@>=2.0.1 <2.1.0",
                  "resolved": "https://registry.npmjs.org/inherits/-/inherits-2.0.3.tgz"
                }
              }
            },
            "shallow-copy": {
              "version": "0.0.1",
              "from": "shallow-copy@>=0.0.1 <0.1.0",
              "resolved": "https://registry.npmjs.org/shallow-copy/-/shallow-copy-0.0.1.tgz"
            },
            "static-eval": {
              "version": "0.2.4",
              "from": "static-eval@>=0.2.0 <0.3.0",
              "resolved": "https://registry.npmjs.org/static-eval/-/static-eval-0.2.4.tgz",
              "dependencies": {
                "escodegen": {
                  "version": "0.0.28",
                  "from": "escodegen@>=0.0.24 <0.1.0",
                  "resolved": "https://registry.npmjs.org/escodegen/-/escodegen-0.0.28.tgz",
                  "dependencies": {
                    "esprima": {
                      "version": "1.0.4",
                      "from": "esprima@>=1.0.2 <1.1.0",
                      "resolved": "https://registry.npmjs.org/esprima/-/esprima-1.0.4.tgz"
                    },
                    "estraverse": {
                      "version": "1.3.2",
                      "from": "estraverse@>=1.3.0 <1.4.0",
                      "resolved": "https://registry.npmjs.org/estraverse/-/estraverse-1.3.2.tgz"
                    },
                    "source-map": {
                      "version": "0.5.6",
                      "from": "source-map@>=0.1.2",
                      "resolved": "https://registry.npmjs.org/source-map/-/source-map-0.5.6.tgz"
                    }
                  }
                }
              }
            },
            "through2": {
              "version": "0.4.2",
              "from": "through2@>=0.4.1 <0.5.0",
              "resolved": "https://registry.npmjs.org/through2/-/through2-0.4.2.tgz",
              "dependencies": {
                "xtend": {
                  "version": "2.1.2",
                  "from": "xtend@>=2.1.1 <2.2.0",
                  "resolved": "https://registry.npmjs.org/xtend/-/xtend-2.1.2.tgz",
                  "dependencies": {
                    "object-keys": {
                      "version": "0.4.0",
                      "from": "object-keys@>=0.4.0 <0.5.0",
                      "resolved": "https://registry.npmjs.org/object-keys/-/object-keys-0.4.0.tgz"
                    }
                  }
                }
              }
            }
          }
        },
        "through2": {
          "version": "2.0.1",
          "from": "through2@>=2.0.0 <3.0.0",
          "resolved": "https://registry.npmjs.org/through2/-/through2-2.0.1.tgz",
          "dependencies": {
            "readable-stream": {
              "version": "2.0.6",
              "from": "readable-stream@>=2.0.0 <2.1.0",
              "resolved": "https://registry.npmjs.org/readable-stream/-/readable-stream-2.0.6.tgz",
              "dependencies": {
                "core-util-is": {
                  "version": "1.0.2",
                  "from": "core-util-is@>=1.0.0 <1.1.0",
                  "resolved": "https://registry.npmjs.org/core-util-is/-/core-util-is-1.0.2.tgz"
                },
                "inherits": {
                  "version": "2.0.3",
                  "from": "inherits@>=2.0.1 <2.1.0",
                  "resolved": "https://registry.npmjs.org/inherits/-/inherits-2.0.3.tgz"
                },
                "isarray": {
                  "version": "1.0.0",
                  "from": "isarray@>=1.0.0 <1.1.0",
                  "resolved": "https://registry.npmjs.org/isarray/-/isarray-1.0.0.tgz"
                },
                "process-nextick-args": {
                  "version": "1.0.7",
                  "from": "process-nextick-args@>=1.0.6 <1.1.0",
                  "resolved": "https://registry.npmjs.org/process-nextick-args/-/process-nextick-args-1.0.7.tgz"
                },
                "string_decoder": {
                  "version": "0.10.31",
                  "from": "string_decoder@>=0.10.0 <0.11.0",
                  "resolved": "https://registry.npmjs.org/string_decoder/-/string_decoder-0.10.31.tgz"
                },
                "util-deprecate": {
                  "version": "1.0.2",
                  "from": "util-deprecate@>=1.0.1 <1.1.0",
                  "resolved": "https://registry.npmjs.org/util-deprecate/-/util-deprecate-1.0.2.tgz"
                }
              }
            },
            "xtend": {
              "version": "4.0.1",
              "from": "xtend@>=4.0.0 <4.1.0",
              "resolved": "https://registry.npmjs.org/xtend/-/xtend-4.0.1.tgz"
            }
          }
        }
      }
    },
    "d3": {
      "version": "3.5.17",
      "from": "d3@3.5.17",
      "resolved": "https://registry.npmjs.org/d3/-/d3-3.5.17.tgz"
    },
    "isomorphic-fetch": {
      "version": "2.2.1",
      "from": "isomorphic-fetch@latest",
      "resolved": "https://registry.npmjs.org/isomorphic-fetch/-/isomorphic-fetch-2.2.1.tgz",
      "dependencies": {
        "node-fetch": {
          "version": "1.6.1",
          "from": "node-fetch@>=1.0.1 <2.0.0",
          "resolved": "https://registry.npmjs.org/node-fetch/-/node-fetch-1.6.1.tgz",
          "dependencies": {
            "encoding": {
              "version": "0.1.12",
              "from": "encoding@>=0.1.11 <0.2.0",
              "resolved": "https://registry.npmjs.org/encoding/-/encoding-0.1.12.tgz",
              "dependencies": {
                "iconv-lite": {
                  "version": "0.4.13",
                  "from": "iconv-lite@>=0.4.13 <0.5.0",
                  "resolved": "https://registry.npmjs.org/iconv-lite/-/iconv-lite-0.4.13.tgz"
                }
              }
            },
            "is-stream": {
              "version": "1.1.0",
              "from": "is-stream@>=1.0.1 <2.0.0",
              "resolved": "https://registry.npmjs.org/is-stream/-/is-stream-1.1.0.tgz"
            }
          }
        },
        "whatwg-fetch": {
          "version": "1.0.0",
          "from": "whatwg-fetch@>=0.10.0",
          "resolved": "https://registry.npmjs.org/whatwg-fetch/-/whatwg-fetch-1.0.0.tgz"
        }
      }
    },
    "jquery": {
      "version": "3.1.0",
      "from": "jquery@latest",
      "resolved": "https://registry.npmjs.org/jquery/-/jquery-3.1.0.tgz"
    },
    "json-loader": {
      "version": "0.5.4",
      "from": "json-loader@latest",
      "resolved": "https://registry.npmjs.org/json-loader/-/json-loader-0.5.4.tgz"
    },
    "jwt-decode": {
      "version": "2.1.0",
      "from": "jwt-decode@latest",
      "resolved": "https://registry.npmjs.org/jwt-decode/-/jwt-decode-2.1.0.tgz"
    },
    "leaflet": {
      "version": "0.7.7",
      "from": "leaflet@latest",
      "resolved": "https://registry.npmjs.org/leaflet/-/leaflet-0.7.7.tgz"
    },
    "lodash": {
      "version": "4.16.0",
      "from": "lodash@latest",
      "resolved": "https://registry.npmjs.org/lodash/-/lodash-4.16.0.tgz"
    },
    "moment": {
      "version": "2.15.0",
      "from": "moment@latest",
      "resolved": "https://registry.npmjs.org/moment/-/moment-2.15.0.tgz"
    },
    "normalizr": {
      "version": "2.2.1",
      "from": "normalizr@latest",
      "resolved": "https://registry.npmjs.org/normalizr/-/normalizr-2.2.1.tgz"
    },
    "query-string": {
      "version": "4.2.3",
      "from": "query-string@latest",
      "resolved": "https://registry.npmjs.org/query-string/-/query-string-4.2.3.tgz",
      "dependencies": {
        "object-assign": {
          "version": "4.1.0",
          "from": "object-assign@>=4.1.0 <5.0.0",
          "resolved": "https://registry.npmjs.org/object-assign/-/object-assign-4.1.0.tgz"
        },
        "strict-uri-encode": {
          "version": "1.1.0",
          "from": "strict-uri-encode@>=1.0.0 <2.0.0",
          "resolved": "https://registry.npmjs.org/strict-uri-encode/-/strict-uri-encode-1.1.0.tgz"
        }
      }
    },
    "react": {
      "version": "15.3.2",
      "from": "react@>=15.3.2 <16.0.0",
      "resolved": "https://registry.npmjs.org/react/-/react-15.3.2.tgz",
      "dependencies": {
        "fbjs": {
          "version": "0.8.4",
          "from": "fbjs@>=0.8.4 <0.9.0",
          "resolved": "https://registry.npmjs.org/fbjs/-/fbjs-0.8.4.tgz",
          "dependencies": {
            "core-js": {
              "version": "1.2.7",
              "from": "core-js@>=1.0.0 <2.0.0",
              "resolved": "https://registry.npmjs.org/core-js/-/core-js-1.2.7.tgz"
            },
            "immutable": {
              "version": "3.8.1",
              "from": "immutable@>=3.7.6 <4.0.0",
              "resolved": "https://registry.npmjs.org/immutable/-/immutable-3.8.1.tgz"
            },
            "promise": {
              "version": "7.1.1",
              "from": "promise@>=7.1.1 <8.0.0",
              "resolved": "https://registry.npmjs.org/promise/-/promise-7.1.1.tgz",
              "dependencies": {
                "asap": {
                  "version": "2.0.4",
                  "from": "asap@>=2.0.3 <2.1.0",
                  "resolved": "https://registry.npmjs.org/asap/-/asap-2.0.4.tgz"
                }
              }
            },
            "ua-parser-js": {
              "version": "0.7.10",
              "from": "ua-parser-js@>=0.7.9 <0.8.0",
              "resolved": "https://registry.npmjs.org/ua-parser-js/-/ua-parser-js-0.7.10.tgz"
            }
          }
        },
        "loose-envify": {
          "version": "1.2.0",
          "from": "loose-envify@>=1.1.0 <2.0.0",
          "resolved": "https://registry.npmjs.org/loose-envify/-/loose-envify-1.2.0.tgz",
          "dependencies": {
            "js-tokens": {
              "version": "1.0.3",
              "from": "js-tokens@>=1.0.1 <2.0.0",
              "resolved": "https://registry.npmjs.org/js-tokens/-/js-tokens-1.0.3.tgz"
            }
          }
        },
        "object-assign": {
          "version": "4.1.0",
          "from": "object-assign@>=4.1.0 <5.0.0",
          "resolved": "https://registry.npmjs.org/object-assign/-/object-assign-4.1.0.tgz"
        }
      }
    },
    "react-addons-create-fragment": {
      "version": "15.3.2",
      "from": "react-addons-create-fragment@latest",
      "resolved": "https://registry.npmjs.org/react-addons-create-fragment/-/react-addons-create-fragment-15.3.2.tgz"
    },
    "react-addons-transition-group": {
      "version": "15.3.2",
      "from": "react-addons-transition-group@>=0.14.0 <0.15.0||>=15.0.0 <16.0.0",
      "resolved": "https://registry.npmjs.org/react-addons-transition-group/-/react-addons-transition-group-15.3.2.tgz"
    },
    "react-bootstrap": {
      "version": "0.30.3",
      "from": "react-bootstrap@latest",
      "resolved": "https://registry.npmjs.org/react-bootstrap/-/react-bootstrap-0.30.3.tgz",
      "dependencies": {
        "babel-runtime": {
          "version": "6.11.6",
          "from": "babel-runtime@>=6.11.6 <7.0.0",
          "resolved": "https://registry.npmjs.org/babel-runtime/-/babel-runtime-6.11.6.tgz",
          "dependencies": {
            "core-js": {
              "version": "2.4.1",
              "from": "core-js@>=2.4.0 <3.0.0",
              "resolved": "https://registry.npmjs.org/core-js/-/core-js-2.4.1.tgz"
            },
            "regenerator-runtime": {
              "version": "0.9.5",
              "from": "regenerator-runtime@>=0.9.5 <0.10.0",
              "resolved": "https://registry.npmjs.org/regenerator-runtime/-/regenerator-runtime-0.9.5.tgz"
            }
          }
        },
        "classnames": {
          "version": "2.2.5",
          "from": "classnames@>=2.2.5 <3.0.0",
          "resolved": "https://registry.npmjs.org/classnames/-/classnames-2.2.5.tgz"
        },
        "dom-helpers": {
          "version": "2.4.0",
          "from": "dom-helpers@>=2.4.0 <3.0.0",
          "resolved": "https://registry.npmjs.org/dom-helpers/-/dom-helpers-2.4.0.tgz"
        },
        "invariant": {
          "version": "2.2.1",
          "from": "invariant@>=2.2.1 <3.0.0",
          "resolved": "https://registry.npmjs.org/invariant/-/invariant-2.2.1.tgz",
          "dependencies": {
            "loose-envify": {
              "version": "1.2.0",
              "from": "loose-envify@>=1.0.0 <2.0.0",
              "resolved": "https://registry.npmjs.org/loose-envify/-/loose-envify-1.2.0.tgz",
              "dependencies": {
                "js-tokens": {
                  "version": "1.0.3",
                  "from": "js-tokens@>=1.0.1 <2.0.0",
                  "resolved": "https://registry.npmjs.org/js-tokens/-/js-tokens-1.0.3.tgz"
                }
              }
            }
          }
        },
        "keycode": {
          "version": "2.1.6",
          "from": "keycode@>=2.1.2 <3.0.0",
          "resolved": "https://registry.npmjs.org/keycode/-/keycode-2.1.6.tgz"
        },
        "react-overlays": {
          "version": "0.6.6",
          "from": "react-overlays@>=0.6.6 <0.7.0",
          "resolved": "https://registry.npmjs.org/react-overlays/-/react-overlays-0.6.6.tgz"
        },
        "react-prop-types": {
          "version": "0.4.0",
          "from": "react-prop-types@>=0.4.0 <0.5.0",
          "resolved": "https://registry.npmjs.org/react-prop-types/-/react-prop-types-0.4.0.tgz"
        },
        "uncontrollable": {
          "version": "4.0.3",
          "from": "uncontrollable@>=4.0.1 <5.0.0",
          "resolved": "https://registry.npmjs.org/uncontrollable/-/uncontrollable-4.0.3.tgz"
        },
        "warning": {
          "version": "3.0.0",
          "from": "warning@>=3.0.0 <4.0.0",
          "resolved": "https://registry.npmjs.org/warning/-/warning-3.0.0.tgz",
          "dependencies": {
            "loose-envify": {
              "version": "1.2.0",
              "from": "loose-envify@>=1.0.0 <2.0.0",
              "resolved": "https://registry.npmjs.org/loose-envify/-/loose-envify-1.2.0.tgz",
              "dependencies": {
                "js-tokens": {
                  "version": "1.0.3",
                  "from": "js-tokens@>=1.0.1 <2.0.0",
                  "resolved": "https://registry.npmjs.org/js-tokens/-/js-tokens-1.0.3.tgz"
                }
              }
            }
          }
        }
      }
    },
    "react-dom": {
      "version": "15.3.2",
      "from": "react-dom@latest",
      "resolved": "https://registry.npmjs.org/react-dom/-/react-dom-15.3.2.tgz"
    },
    "react-intl": {
      "version": "2.1.3",
      "from": "https://registry.npmjs.org/react-intl/-/react-intl-2.1.3.tgz",
      "resolved": "https://registry.npmjs.org/react-intl/-/react-intl-2.1.3.tgz",
      "dependencies": {
        "intl-format-cache": {
          "version": "2.0.5",
          "from": "intl-format-cache@>=2.0.5 <3.0.0",
          "resolved": "https://registry.npmjs.org/intl-format-cache/-/intl-format-cache-2.0.5.tgz"
        },
        "intl-messageformat": {
          "version": "1.3.0",
          "from": "intl-messageformat@>=1.3.0 <2.0.0",
          "resolved": "https://registry.npmjs.org/intl-messageformat/-/intl-messageformat-1.3.0.tgz",
          "dependencies": {
            "intl-messageformat-parser": {
              "version": "1.2.0",
              "from": "intl-messageformat-parser@1.2.0",
              "resolved": "https://registry.npmjs.org/intl-messageformat-parser/-/intl-messageformat-parser-1.2.0.tgz"
            }
          }
        },
        "intl-relativeformat": {
          "version": "1.3.0",
          "from": "intl-relativeformat@>=1.3.0 <2.0.0",
          "resolved": "https://registry.npmjs.org/intl-relativeformat/-/intl-relativeformat-1.3.0.tgz"
        },
        "invariant": {
          "version": "2.2.1",
          "from": "invariant@>=2.1.1 <3.0.0",
          "resolved": "https://registry.npmjs.org/invariant/-/invariant-2.2.1.tgz",
          "dependencies": {
            "loose-envify": {
              "version": "1.2.0",
              "from": "loose-envify@>=1.0.0 <2.0.0",
              "resolved": "https://registry.npmjs.org/loose-envify/-/loose-envify-1.2.0.tgz",
              "dependencies": {
                "js-tokens": {
                  "version": "1.0.3",
                  "from": "js-tokens@>=1.0.1 <2.0.0",
                  "resolved": "https://registry.npmjs.org/js-tokens/-/js-tokens-1.0.3.tgz"
                }
              }
            }
          }
        }
      }
    },
    "react-leaflet": {
      "version": "0.11.7",
      "from": "react-leaflet@>=0.11.5 <0.12.0",
      "resolved": "https://registry.npmjs.org/react-leaflet/-/react-leaflet-0.11.7.tgz",
      "dependencies": {
        "warning": {
          "version": "3.0.0",
          "from": "warning@>=3.0.0 <4.0.0",
          "resolved": "https://registry.npmjs.org/warning/-/warning-3.0.0.tgz",
          "dependencies": {
            "loose-envify": {
              "version": "1.2.0",
              "from": "loose-envify@>=1.0.0 <2.0.0",
              "resolved": "https://registry.npmjs.org/loose-envify/-/loose-envify-1.2.0.tgz",
              "dependencies": {
                "js-tokens": {
                  "version": "1.0.3",
                  "from": "js-tokens@>=1.0.1 <2.0.0",
                  "resolved": "https://registry.npmjs.org/js-tokens/-/js-tokens-1.0.3.tgz"
                }
              }
            }
          }
        }
      }
    },
    "react-leaflet-choropleth": {
      "version": "1.1.0",
      "from": "react-leaflet-choropleth@latest",
      "resolved": "https://registry.npmjs.org/react-leaflet-choropleth/-/react-leaflet-choropleth-1.1.0.tgz",
      "dependencies": {
        "chroma-js": {
          "version": "1.1.1",
          "from": "chroma-js@1.1.1",
          "resolved": "https://registry.npmjs.org/chroma-js/-/chroma-js-1.1.1.tgz"
        }
      }
    },
    "react-notification-system": {
      "version": "0.2.7",
      "from": "https://registry.npmjs.org/react-notification-system/-/react-notification-system-0.2.7.tgz",
      "resolved": "https://registry.npmjs.org/react-notification-system/-/react-notification-system-0.2.7.tgz",
      "dependencies": {
        "object-assign": {
          "version": "4.1.0",
          "from": "object-assign@>=4.0.1 <5.0.0",
          "resolved": "https://registry.npmjs.org/object-assign/-/object-assign-4.1.0.tgz"
        }
      }
    },
    "react-redux": {
      "version": "4.4.5",
      "from": "react-redux@latest",
      "resolved": "https://registry.npmjs.org/react-redux/-/react-redux-4.4.5.tgz",
      "dependencies": {
        "hoist-non-react-statics": {
          "version": "1.2.0",
          "from": "hoist-non-react-statics@>=1.0.3 <2.0.0",
          "resolved": "https://registry.npmjs.org/hoist-non-react-statics/-/hoist-non-react-statics-1.2.0.tgz"
        },
        "invariant": {
          "version": "2.2.1",
          "from": "invariant@>=2.0.0 <3.0.0",
          "resolved": "https://registry.npmjs.org/invariant/-/invariant-2.2.1.tgz"
        },
        "loose-envify": {
          "version": "1.2.0",
          "from": "loose-envify@>=1.1.0 <2.0.0",
          "resolved": "https://registry.npmjs.org/loose-envify/-/loose-envify-1.2.0.tgz",
          "dependencies": {
            "js-tokens": {
              "version": "1.0.3",
              "from": "js-tokens@>=1.0.1 <2.0.0",
              "resolved": "https://registry.npmjs.org/js-tokens/-/js-tokens-1.0.3.tgz"
            }
          }
        }
      }
    },
    "recharts": {
      "version": "0.14.2",
      "from": "recharts@latest",
      "resolved": "https://registry.npmjs.org/recharts/-/recharts-0.14.2.tgz",
      "dependencies": {
        "classnames": {
          "version": "2.2.5",
          "from": "classnames@2.2.5",
          "resolved": "https://registry.npmjs.org/classnames/-/classnames-2.2.5.tgz"
        },
        "core-js": {
          "version": "2.4.0",
          "from": "core-js@2.4.0",
          "resolved": "https://registry.npmjs.org/core-js/-/core-js-2.4.0.tgz"
        },
        "d3-scale": {
          "version": "1.0.0",
          "from": "d3-scale@1.0.0",
          "resolved": "https://registry.npmjs.org/d3-scale/-/d3-scale-1.0.0.tgz",
          "dependencies": {
            "d3-array": {
              "version": "1.0.1",
              "from": "d3-array@>=1.0.0 <2.0.0",
              "resolved": "https://registry.npmjs.org/d3-array/-/d3-array-1.0.1.tgz"
            },
            "d3-collection": {
              "version": "1.0.1",
              "from": "d3-collection@>=1.0.0 <2.0.0",
              "resolved": "https://registry.npmjs.org/d3-collection/-/d3-collection-1.0.1.tgz"
            },
            "d3-color": {
              "version": "1.0.1",
              "from": "d3-color@>=1.0.0 <2.0.0",
              "resolved": "https://registry.npmjs.org/d3-color/-/d3-color-1.0.1.tgz"
            },
            "d3-format": {
              "version": "1.0.2",
              "from": "d3-format@>=1.0.0 <2.0.0",
              "resolved": "https://registry.npmjs.org/d3-format/-/d3-format-1.0.2.tgz"
            },
            "d3-interpolate": {
              "version": "1.1.1",
              "from": "d3-interpolate@>=1.0.0 <2.0.0",
              "resolved": "https://registry.npmjs.org/d3-interpolate/-/d3-interpolate-1.1.1.tgz"
            },
            "d3-time": {
              "version": "1.0.3",
              "from": "d3-time@>=1.0.0 <2.0.0",
              "resolved": "https://registry.npmjs.org/d3-time/-/d3-time-1.0.3.tgz"
            },
            "d3-time-format": {
              "version": "2.0.2",
              "from": "d3-time-format@>=2.0.0 <3.0.0",
              "resolved": "https://registry.npmjs.org/d3-time-format/-/d3-time-format-2.0.2.tgz"
            }
          }
        },
        "d3-shape": {
          "version": "1.0.0",
          "from": "d3-shape@1.0.0",
          "resolved": "https://registry.npmjs.org/d3-shape/-/d3-shape-1.0.0.tgz",
          "dependencies": {
            "d3-path": {
              "version": "1.0.2",
              "from": "d3-path@>=1.0.0 <2.0.0",
              "resolved": "https://registry.npmjs.org/d3-path/-/d3-path-1.0.2.tgz"
            }
          }
        },
        "lodash": {
          "version": "4.13.1",
          "from": "lodash@4.13.1",
          "resolved": "https://registry.npmjs.org/lodash/-/lodash-4.13.1.tgz"
        },
        "react-container-dimensions": {
          "version": "1.2.0",
          "from": "react-container-dimensions@1.2.0",
          "resolved": "https://registry.npmjs.org/react-container-dimensions/-/react-container-dimensions-1.2.0.tgz",
          "dependencies": {
            "element-resize-detector": {
              "version": "1.1.8",
              "from": "element-resize-detector@>=1.1.0 <2.0.0",
              "resolved": "https://registry.npmjs.org/element-resize-detector/-/element-resize-detector-1.1.8.tgz",
              "dependencies": {
                "batch-processor": {
                  "version": "1.0.0",
                  "from": "batch-processor@>=1.0.0 <2.0.0",
                  "resolved": "https://registry.npmjs.org/batch-processor/-/batch-processor-1.0.0.tgz"
                }
              }
            },
            "invariant": {
              "version": "2.2.1",
              "from": "invariant@>=2.2.1 <3.0.0",
              "resolved": "https://registry.npmjs.org/invariant/-/invariant-2.2.1.tgz",
              "dependencies": {
                "loose-envify": {
                  "version": "1.2.0",
                  "from": "loose-envify@>=1.0.0 <2.0.0",
                  "resolved": "https://registry.npmjs.org/loose-envify/-/loose-envify-1.2.0.tgz",
                  "dependencies": {
                    "js-tokens": {
                      "version": "1.0.3",
                      "from": "js-tokens@>=1.0.1 <2.0.0",
                      "resolved": "https://registry.npmjs.org/js-tokens/-/js-tokens-1.0.3.tgz"
                    }
                  }
                }
              }
            }
          }
        },
        "react-smooth": {
          "version": "0.1.11",
          "from": "react-smooth@0.1.11",
          "resolved": "https://registry.npmjs.org/react-smooth/-/react-smooth-0.1.11.tgz",
          "dependencies": {
            "raf": {
              "version": "3.3.0",
              "from": "raf@>=3.2.0 <4.0.0",
              "resolved": "https://registry.npmjs.org/raf/-/raf-3.3.0.tgz",
              "dependencies": {
                "performance-now": {
                  "version": "0.2.0",
                  "from": "performance-now@>=0.2.0 <0.3.0",
                  "resolved": "https://registry.npmjs.org/performance-now/-/performance-now-0.2.0.tgz"
                }
              }
            },
            "react-addons-transition-group": {
              "version": "15.3.2",
              "from": "react-addons-transition-group@>=0.14.0 <0.15.0||>=15.0.0 <16.0.0",
              "resolved": "https://registry.npmjs.org/react-addons-transition-group/-/react-addons-transition-group-15.3.2.tgz"
            }
          }
        },
        "recharts-scale": {
          "version": "0.2.1",
          "from": "recharts-scale@0.2.1",
          "resolved": "https://registry.npmjs.org/recharts-scale/-/recharts-scale-0.2.1.tgz"
        }
      }
    },
    "redux": {
      "version": "3.6.0",
      "from": "redux@latest",
      "resolved": "https://registry.npmjs.org/redux/-/redux-3.6.0.tgz",
      "dependencies": {
        "lodash-es": {
          "version": "4.16.0",
          "from": "lodash-es@>=4.2.1 <5.0.0",
          "resolved": "https://registry.npmjs.org/lodash-es/-/lodash-es-4.16.0.tgz"
        },
        "loose-envify": {
          "version": "1.2.0",
          "from": "loose-envify@>=1.1.0 <2.0.0",
          "resolved": "https://registry.npmjs.org/loose-envify/-/loose-envify-1.2.0.tgz",
          "dependencies": {
            "js-tokens": {
              "version": "1.0.3",
              "from": "js-tokens@>=1.0.1 <2.0.0",
              "resolved": "https://registry.npmjs.org/js-tokens/-/js-tokens-1.0.3.tgz"
            }
          }
        },
        "symbol-observable": {
          "version": "1.0.2",
          "from": "symbol-observable@>=1.0.2 <2.0.0",
          "resolved": "https://registry.npmjs.org/symbol-observable/-/symbol-observable-1.0.2.tgz"
        }
      }
    },
    "redux-logger": {
      "version": "2.6.1",
      "from": "redux-logger@latest",
      "resolved": "https://registry.npmjs.org/redux-logger/-/redux-logger-2.6.1.tgz"
    },
    "redux-thunk": {
      "version": "2.1.0",
      "from": "redux-thunk@latest",
      "resolved": "https://registry.npmjs.org/redux-thunk/-/redux-thunk-2.1.0.tgz"
    },
    "topojson": {
      "version": "1.6.24",
      "from": "topojson@1.6.24",
      "resolved": "https://registry.npmjs.org/topojson/-/topojson-1.6.24.tgz",
      "dependencies": {
        "d3-geo-projection": {
          "version": "0.2.16",
          "from": "d3-geo-projection@>=0.2.0 <0.3.0",
          "resolved": "https://registry.npmjs.org/d3-geo-projection/-/d3-geo-projection-0.2.16.tgz"
        },
        "d3-queue": {
          "version": "2.0.3",
          "from": "d3-queue@>=2.0.0 <3.0.0",
          "resolved": "https://registry.npmjs.org/d3-queue/-/d3-queue-2.0.3.tgz"
        },
        "optimist": {
          "version": "0.3.7",
          "from": "optimist@>=0.3.0 <0.4.0",
          "resolved": "https://registry.npmjs.org/optimist/-/optimist-0.3.7.tgz",
          "dependencies": {
            "wordwrap": {
              "version": "0.0.3",
              "from": "wordwrap@>=0.0.2 <0.1.0",
              "resolved": "https://registry.npmjs.org/wordwrap/-/wordwrap-0.0.3.tgz"
            }
          }
        },
        "rw": {
          "version": "1.3.2",
          "from": "rw@>=1.0.0 <2.0.0",
          "resolved": "https://registry.npmjs.org/rw/-/rw-1.3.2.tgz"
        },
        "shapefile": {
          "version": "0.3.1",
          "from": "shapefile@>=0.3.0 <0.4.0",
          "resolved": "https://registry.npmjs.org/shapefile/-/shapefile-0.3.1.tgz",
          "dependencies": {
            "iconv-lite": {
              "version": "0.2.11",
              "from": "iconv-lite@>=0.2.0 <0.3.0",
              "resolved": "https://registry.npmjs.org/iconv-lite/-/iconv-lite-0.2.11.tgz"
            },
            "d3-queue": {
              "version": "1.2.3",
              "from": "d3-queue@>=1.0.0 <2.0.0",
              "resolved": "https://registry.npmjs.org/d3-queue/-/d3-queue-1.2.3.tgz"
            }
          }
        }
      }
    },
    "transform-loader": {
      "version": "0.2.3",
      "from": "transform-loader@>=0.2.3 <0.3.0",
      "resolved": "https://registry.npmjs.org/transform-loader/-/transform-loader-0.2.3.tgz"
    },
    "turf-bbox": {
      "version": "3.0.12",
      "from": "https://registry.npmjs.org/turf-bbox/-/turf-bbox-3.0.12.tgz",
      "resolved": "https://registry.npmjs.org/turf-bbox/-/turf-bbox-3.0.12.tgz",
      "dependencies": {
        "turf-meta": {
          "version": "3.0.12",
          "from": "turf-meta@>=3.0.12 <4.0.0",
          "resolved": "https://registry.npmjs.org/turf-meta/-/turf-meta-3.0.12.tgz"
        }
      }
    },
    "turf-centroid": {
      "version": "3.0.12",
      "from": "turf-centroid@latest",
      "resolved": "https://registry.npmjs.org/turf-centroid/-/turf-centroid-3.0.12.tgz",
      "dependencies": {
        "turf-meta": {
          "version": "3.0.12",
          "from": "turf-meta@>=3.0.12 <4.0.0",
          "resolved": "https://registry.npmjs.org/turf-meta/-/turf-meta-3.0.12.tgz"
        },
        "turf-helpers": {
          "version": "3.0.12",
          "from": "turf-helpers@>=3.0.12 <4.0.0",
          "resolved": "https://registry.npmjs.org/turf-helpers/-/turf-helpers-3.0.12.tgz"
        }
      }
    },
    "turf-envelope": {
      "version": "3.0.12",
      "from": "turf-envelope@latest",
      "resolved": "https://registry.npmjs.org/turf-envelope/-/turf-envelope-3.0.12.tgz",
      "dependencies": {
        "turf-bbox-polygon": {
          "version": "3.0.12",
          "from": "turf-bbox-polygon@>=3.0.12 <4.0.0",
          "resolved": "https://registry.npmjs.org/turf-bbox-polygon/-/turf-bbox-polygon-3.0.12.tgz",
          "dependencies": {
            "turf-helpers": {
              "version": "3.0.12",
              "from": "turf-helpers@>=3.0.12 <4.0.0",
              "resolved": "https://registry.npmjs.org/turf-helpers/-/turf-helpers-3.0.12.tgz"
            }
          }
        },
        "turf-bbox": {
          "version": "3.0.12",
          "from": "turf-bbox@>=3.0.12 <4.0.0",
          "resolved": "https://registry.npmjs.org/turf-bbox/-/turf-bbox-3.0.12.tgz",
          "dependencies": {
            "turf-meta": {
              "version": "3.0.12",
              "from": "turf-meta@>=3.0.12 <4.0.0",
              "resolved": "https://registry.npmjs.org/turf-meta/-/turf-meta-3.0.12.tgz"
            }
          }
        }
      }
    },
    "turf-simplify": {
      "version": "3.0.12",
      "from": "turf-simplify@latest",
      "resolved": "https://registry.npmjs.org/turf-simplify/-/turf-simplify-3.0.12.tgz",
      "dependencies": {
        "simplify-js": {
          "version": "1.2.1",
          "from": "simplify-js@>=1.2.1 <2.0.0",
          "resolved": "https://registry.npmjs.org/simplify-js/-/simplify-js-1.2.1.tgz"
        }
      }
    },
    "underscore": {
      "version": "1.8.3",
      "from": "underscore@1.8.3",
      "resolved": "https://registry.npmjs.org/underscore/-/underscore-1.8.3.tgz"
    },
    "underscore.string": {
      "version": "3.3.4",
      "from": "underscore.string@3.3.4",
      "resolved": "https://registry.npmjs.org/underscore.string/-/underscore.string-3.3.4.tgz",
      "dependencies": {
        "sprintf-js": {
          "version": "1.0.3",
          "from": "sprintf-js@>=1.0.3 <2.0.0",
          "resolved": "https://registry.npmjs.org/sprintf-js/-/sprintf-js-1.0.3.tgz"
        },
        "util-deprecate": {
          "version": "1.0.2",
          "from": "util-deprecate@>=1.0.2 <2.0.0",
          "resolved": "https://registry.npmjs.org/util-deprecate/-/util-deprecate-1.0.2.tgz"
        }
      }
    },
    "webworkify-webpack": {
      "version": "1.1.7",
      "from": "webworkify-webpack@>=1.0.4 <2.0.0",
      "resolved": "https://registry.npmjs.org/webworkify-webpack/-/webworkify-webpack-1.1.7.tgz"
    },
    "why-did-you-update": {
      "version": "0.0.8",
      "from": "why-did-you-update@latest",
      "resolved": "https://registry.npmjs.org/why-did-you-update/-/why-did-you-update-0.0.8.tgz",
      "dependencies": {
        "lodash": {
          "version": "4.12.0",
          "from": "lodash@4.12.0",
          "resolved": "https://registry.npmjs.org/lodash/-/lodash-4.12.0.tgz"
        }
      }
    }
  }
}
